
Microsoft Visual Studio Solution File, Format Version 12.00
# Visual Studio 15
VisualStudioVersion = 15.0.27130.2036
MinimumVisualStudioVersion = 10.0.40219.1
Project("{A07B5EB6-E848-4116-A8D0-A826331D98C6}") = "StockExchange", "StockExchange\StockExchange.sfproj", "{6945D802-0C85-4973-B040-C4EE29394B4E}"
EndProject
Project("{FAE04EC0-301F-11D3-BF4B-00C04F79EFBC}") = "StockShareProvider", "StockShareProvider\StockShareProvider.csproj", "{06E03261-1DDF-4C35-825D-866B01295FEA}"
EndProject
Global
	GlobalSection(SolutionConfigurationPlatforms) = preSolution
		Debug|Any CPU = Debug|Any CPU
		Debug|x64 = Debug|x64
		Release|Any CPU = Release|Any CPU
		Release|x64 = Release|x64
	EndGlobalSection
	GlobalSection(ProjectConfigurationPlatforms) = postSolution
		{6945D802-0C85-4973-B040-C4EE29394B4E}.Debug|Any CPU.ActiveCfg = Debug|x64
		{6945D802-0C85-4973-B040-C4EE29394B4E}.Debug|x64.ActiveCfg = Debug|x64
		{6945D802-0C85-4973-B040-C4EE29394B4E}.Debug|x64.Build.0 = Debug|x64
		{6945D802-0C85-4973-B040-C4EE29394B4E}.Debug|x64.Deploy.0 = Debug|x64
		{6945D802-0C85-4973-B040-C4EE29394B4E}.Release|Any CPU.ActiveCfg = Release|x64
		{6945D802-0C85-4973-B040-C4EE29394B4E}.Release|x64.ActiveCfg = Release|x64
		{6945D802-0C85-4973-B040-C4EE29394B4E}.Release|x64.Build.0 = Release|x64
		{6945D802-0C85-4973-B040-C4EE29394B4E}.Release|x64.Deploy.0 = Release|x64
		{06E03261-1DDF-4C35-825D-866B01295FEA}.Debug|Any CPU.ActiveCfg = Debug|Any CPU
		{06E03261-1DDF-4C35-825D-866B01295FEA}.Debug|Any CPU.Build.0 = Debug|Any CPU
		{06E03261-1DDF-4C35-825D-866B01295FEA}.Debug|x64.ActiveCfg = Debug|Any CPU
		{06E03261-1DDF-4C35-825D-866B01295FEA}.Debug|x64.Build.0 = Debug|Any CPU
		{06E03261-1DDF-4C35-825D-866B01295FEA}.Release|Any CPU.ActiveCfg = Release|Any CPU
		{06E03261-1DDF-4C35-825D-866B01295FEA}.Release|Any CPU.Build.0 = Release|Any CPU
		{06E03261-1DDF-4C35-825D-866B01295FEA}.Release|x64.ActiveCfg = Release|Any CPU
		{06E03261-1DDF-4C35-825D-866B01295FEA}.Release|x64.Build.0 = Release|Any CPU
	EndGlobalSection
	GlobalSection(SolutionProperties) = preSolution
		HideSolutionNode = FALSE
	EndGlobalSection
	GlobalSection(ExtensibilityGlobals) = postSolution
		SolutionGuid = {535404AC-D012-42CD-B0FC-A4A433AEB10C}
	EndGlobalSection
EndGlobal
